
Microsoft Visual Studio Solution File, Format Version 12.00
# Visual Studio Version 17
VisualStudioVersion = 17.13.35825.156 d17.13
MinimumVisualStudioVersion = 10.0.40219.1
Project("{FAE04EC0-301F-11D3-BF4B-00C04F79EFBC}") = "SchoolManagementSystem", "SchoolManagementSystem\SchoolManagementSystem.csproj", "{F572AF30-8DCA-4A60-96F3-9B0DE3B12FAD}"
EndProject
Global
	GlobalSection(SolutionConfigurationPlatforms) = preSolution
		Debug|Any CPU = Debug|Any CPU
		Release|Any CPU = Release|Any CPU
	EndGlobalSection
	GlobalSection(ProjectConfigurationPlatforms) = postSolution
		{F572AF30-8DCA-4A60-96F3-9B0DE3B12FAD}.Debug|Any CPU.ActiveCfg = Debug|Any CPU
		{F572AF30-8DCA-4A60-96F3-9B0DE3B12FAD}.Debug|Any CPU.Build.0 = Debug|Any CPU
		{F572AF30-8DCA-4A60-96F3-9B0DE3B12FAD}.Release|Any CPU.ActiveCfg = Release|Any CPU
		{F572AF30-8DCA-4A60-96F3-9B0DE3B12FAD}.Release|Any CPU.Build.0 = Release|Any CPU
	EndGlobalSection
	GlobalSection(SolutionProperties) = preSolution
		HideSolutionNode = FALSE
	EndGlobalSection
	GlobalSection(ExtensibilityGlobals) = postSolution
		SolutionGuid = {DE5B1183-129C-493A-AA86-396D4A5D5F77}
	EndGlobalSection
EndGlobal
